// !$*UTF8*$!
{
	archiveVersion = 1;
	classes = {
	};
	objectVersion = 56;
	objects = {

/* Begin PBXBuildFile section */
		85B0449F2D42460C00B96F69 /* main.cpp in Sources */ = {isa = PBXBuildFile; fileRef = 85B0449E2D42460C00B96F69 /* main.cpp */; };
		85B044A72D424BFF00B96F69 /* CardModel.cpp in Sources */ = {isa = PBXBuildFile; fileRef = 85B044A52D424BFF00B96F69 /* CardModel.cpp */; };
		85B044AD2D42511C00B96F69 /* DeckModel.cpp in Sources */ = {isa = PBXBuildFile; fileRef = 85B044AB2D42511C00B96F69 /* DeckModel.cpp */; };
		85B044B02D4398E500B96F69 /* PlayerModel.cpp in Sources */ = {isa = PBXBuildFile; fileRef = 85B044AE2D4398E500B96F69 /* PlayerModel.cpp */; };
		85B044B32D43A85100B96F69 /* DealerModel.cpp in Sources */ = {isa = PBXBuildFile; fileRef = 85B044B12D43A85100B96F69 /* DealerModel.cpp */; };
		85B044B62D4A1B3300B96F69 /* TableModel.cpp in Sources */ = {isa = PBXBuildFile; fileRef = 85B044B42D4A1B3300B96F69 /* TableModel.cpp */; };
		85B044B92D4A1FBF00B96F69 /* TableController.cpp in Sources */ = {isa = PBXBuildFile; fileRef = 85B044B72D4A1FBF00B96F69 /* TableController.cpp */; };
		85B044BC2D4A1FD900B96F69 /* TableView.cpp in Sources */ = {isa = PBXBuildFile; fileRef = 85B044BA2D4A1FD900B96F69 /* TableView.cpp */; };
/* End PBXBuildFile section */

/* Begin PBXCopyFilesBuildPhase section */
		85B044992D42460C00B96F69 /* CopyFiles */ = {
			isa = PBXCopyFilesBuildPhase;
			buildActionMask = 2147483647;
			dstPath = /usr/share/man/man1/;
			dstSubfolderSpec = 0;
			files = (
			);
			runOnlyForDeploymentPostprocessing = 1;
		};
/* End PBXCopyFilesBuildPhase section */

/* Begin PBXFileReference section */
		85B0449B2D42460C00B96F69 /* BlackJack */ = {isa = PBXFileReference; explicitFileType = "compiled.mach-o.executable"; includeInIndex = 0; path = BlackJack; sourceTree = BUILT_PRODUCTS_DIR; };
		85B0449E2D42460C00B96F69 /* main.cpp */ = {isa = PBXFileReference; lastKnownFileType = sourcecode.cpp.cpp; path = main.cpp; sourceTree = "<group>"; };
		85B044A52D424BFF00B96F69 /* CardModel.cpp */ = {isa = PBXFileReference; lastKnownFileType = sourcecode.cpp.cpp; path = CardModel.cpp; sourceTree = "<group>"; };
		85B044A62D424BFF00B96F69 /* CardModel.hpp */ = {isa = PBXFileReference; lastKnownFileType = sourcecode.cpp.h; path = CardModel.hpp; sourceTree = "<group>"; };
		85B044AB2D42511C00B96F69 /* DeckModel.cpp */ = {isa = PBXFileReference; lastKnownFileType = sourcecode.cpp.cpp; path = DeckModel.cpp; sourceTree = "<group>"; };
		85B044AC2D42511C00B96F69 /* DeckModel.hpp */ = {isa = PBXFileReference; lastKnownFileType = sourcecode.cpp.h; path = DeckModel.hpp; sourceTree = "<group>"; };
		85B044AE2D4398E500B96F69 /* PlayerModel.cpp */ = {isa = PBXFileReference; lastKnownFileType = sourcecode.cpp.cpp; path = PlayerModel.cpp; sourceTree = "<group>"; };
		85B044AF2D4398E500B96F69 /* PlayerModel.hpp */ = {isa = PBXFileReference; lastKnownFileType = sourcecode.cpp.h; path = PlayerModel.hpp; sourceTree = "<group>"; };
		85B044B12D43A85100B96F69 /* DealerModel.cpp */ = {isa = PBXFileReference; lastKnownFileType = sourcecode.cpp.cpp; path = DealerModel.cpp; sourceTree = "<group>"; };
		85B044B22D43A85100B96F69 /* DealerModel.hpp */ = {isa = PBXFileReference; lastKnownFileType = sourcecode.cpp.h; path = DealerModel.hpp; sourceTree = "<group>"; };
		85B044B42D4A1B3300B96F69 /* TableModel.cpp */ = {isa = PBXFileReference; lastKnownFileType = sourcecode.cpp.cpp; path = TableModel.cpp; sourceTree = "<group>"; };
		85B044B52D4A1B3300B96F69 /* TableModel.hpp */ = {isa = PBXFileReference; lastKnownFileType = sourcecode.cpp.h; path = TableModel.hpp; sourceTree = "<group>"; };
		85B044B72D4A1FBF00B96F69 /* TableController.cpp */ = {isa = PBXFileReference; lastKnownFileType = sourcecode.cpp.cpp; path = TableController.cpp; sourceTree = "<group>"; };
		85B044B82D4A1FBF00B96F69 /* TableController.hpp */ = {isa = PBXFileReference; lastKnownFileType = sourcecode.cpp.h; path = TableController.hpp; sourceTree = "<group>"; };
		85B044BA2D4A1FD900B96F69 /* TableView.cpp */ = {isa = PBXFileReference; lastKnownFileType = sourcecode.cpp.cpp; path = TableView.cpp; sourceTree = "<group>"; };
		85B044BB2D4A1FD900B96F69 /* TableView.hpp */ = {isa = PBXFileReference; lastKnownFileType = sourcecode.cpp.h; path = TableView.hpp; sourceTree = "<group>"; };
/* End PBXFileReference section */

/* Begin PBXFrameworksBuildPhase section */
		85B044982D42460C00B96F69 /* Frameworks */ = {
			isa = PBXFrameworksBuildPhase;
			buildActionMask = 2147483647;
			files = (
			);
			runOnlyForDeploymentPostprocessing = 0;
		};
/* End PBXFrameworksBuildPhase section */

/* Begin PBXGroup section */
		85B044922D42460C00B96F69 = {
			isa = PBXGroup;
			children = (
				85B0449D2D42460C00B96F69 /* BlackJack */,
				85B0449C2D42460C00B96F69 /* Products */,
			);
			sourceTree = "<group>";
		};
		85B0449C2D42460C00B96F69 /* Products */ = {
			isa = PBXGroup;
			children = (
				85B0449B2D42460C00B96F69 /* BlackJack */,
			);
			name = Products;
			sourceTree = "<group>";
		};
		85B0449D2D42460C00B96F69 /* BlackJack */ = {
			isa = PBXGroup;
			children = (
				85B0449E2D42460C00B96F69 /* main.cpp */,
				85B044AA2D424D1B00B96F69 /* Controller */,
				85B044A92D424CDE00B96F69 /* View */,
				85B044A82D424C9D00B96F69 /* Model */,
			);
			path = BlackJack;
			sourceTree = "<group>";
		};
		85B044A82D424C9D00B96F69 /* Model */ = {
			isa = PBXGroup;
			children = (
				85B044A62D424BFF00B96F69 /* CardModel.hpp */,
				85B044A52D424BFF00B96F69 /* CardModel.cpp */,
				85B044AC2D42511C00B96F69 /* DeckModel.hpp */,
				85B044AB2D42511C00B96F69 /* DeckModel.cpp */,
				85B044AF2D4398E500B96F69 /* PlayerModel.hpp */,
				85B044AE2D4398E500B96F69 /* PlayerModel.cpp */,
				85B044B22D43A85100B96F69 /* DealerModel.hpp */,
				85B044B12D43A85100B96F69 /* DealerModel.cpp */,
				85B044B52D4A1B3300B96F69 /* TableModel.hpp */,
				85B044B42D4A1B3300B96F69 /* TableModel.cpp */,
			);
			path = Model;
			sourceTree = "<group>";
		};
		85B044A92D424CDE00B96F69 /* View */ = {
			isa = PBXGroup;
			children = (
				85B044BB2D4A1FD900B96F69 /* TableView.hpp */,
				85B044BA2D4A1FD900B96F69 /* TableView.cpp */,
			);
			path = View;
			sourceTree = "<group>";
		};
		85B044AA2D424D1B00B96F69 /* Controller */ = {
			isa = PBXGroup;
			children = (
				85B044B82D4A1FBF00B96F69 /* TableController.hpp */,
				85B044B72D4A1FBF00B96F69 /* TableController.cpp */,
			);
			path = Controller;
			sourceTree = "<group>";
		};
/* End PBXGroup section */

/* Begin PBXNativeTarget section */
		85B0449A2D42460C00B96F69 /* BlackJack */ = {
			isa = PBXNativeTarget;
			buildConfigurationList = 85B044A22D42460C00B96F69 /* Build configuration list for PBXNativeTarget "BlackJack" */;
			buildPhases = (
				85B044972D42460C00B96F69 /* Sources */,
				85B044982D42460C00B96F69 /* Frameworks */,
				85B044992D42460C00B96F69 /* CopyFiles */,
			);
			buildRules = (
			);
			dependencies = (
			);
			name = BlackJack;
			productName = BlackJack;
			productReference = 85B0449B2D42460C00B96F69 /* BlackJack */;
			productType = "com.apple.product-type.tool";
		};
/* End PBXNativeTarget section */

/* Begin PBXProject section */
		85B044932D42460C00B96F69 /* Project object */ = {
			isa = PBXProject;
			attributes = {
				BuildIndependentTargetsInParallel = 1;
				LastUpgradeCheck = 1520;
				TargetAttributes = {
					85B0449A2D42460C00B96F69 = {
						CreatedOnToolsVersion = 15.2;
					};
				};
			};
			buildConfigurationList = 85B044962D42460C00B96F69 /* Build configuration list for PBXProject "BlackJack" */;
			compatibilityVersion = "Xcode 14.0";
			developmentRegion = en;
			hasScannedForEncodings = 0;
			knownRegions = (
				en,
				Base,
			);
			mainGroup = 85B044922D42460C00B96F69;
			productRefGroup = 85B0449C2D42460C00B96F69 /* Products */;
			projectDirPath = "";
			projectRoot = "";
			targets = (
				85B0449A2D42460C00B96F69 /* BlackJack */,
			);
		};
/* End PBXProject section */

/* Begin PBXSourcesBuildPhase section */
		85B044972D42460C00B96F69 /* Sources */ = {
			isa = PBXSourcesBuildPhase;
			buildActionMask = 2147483647;
			files = (
				85B044AD2D42511C00B96F69 /* DeckModel.cpp in Sources */,
				85B044BC2D4A1FD900B96F69 /* TableView.cpp in Sources */,
				85B0449F2D42460C00B96F69 /* main.cpp in Sources */,
				85B044B62D4A1B3300B96F69 /* TableModel.cpp in Sources */,
				85B044B32D43A85100B96F69 /* DealerModel.cpp in Sources */,
				85B044B02D4398E500B96F69 /* PlayerModel.cpp in Sources */,
				85B044B92D4A1FBF00B96F69 /* TableController.cpp in Sources */,
				85B044A72D424BFF00B96F69 /* CardModel.cpp in Sources */,
			);
			runOnlyForDeploymentPostprocessing = 0;
		};
/* End PBXSourcesBuildPhase section */

/* Begin XCBuildConfiguration section */
		85B044A02D42460C00B96F69 /* Debug */ = {
			isa = XCBuildConfiguration;
			buildSettings = {
				ALWAYS_SEARCH_USER_PATHS = NO;
				ASSETCATALOG_COMPILER_GENERATE_SWIFT_ASSET_SYMBOL_EXTENSIONS = YES;
				CLANG_ANALYZER_NONNULL = YES;
				CLANG_ANALYZER_NUMBER_OBJECT_CONVERSION = YES_AGGRESSIVE;
				CLANG_CXX_LANGUAGE_STANDARD = "gnu++20";
				CLANG_ENABLE_MODULES = YES;
				CLANG_ENABLE_OBJC_ARC = YES;
				CLANG_ENABLE_OBJC_WEAK = YES;
				CLANG_WARN_BLOCK_CAPTURE_AUTORELEASING = YES;
				CLANG_WARN_BOOL_CONVERSION = YES;
				CLANG_WARN_COMMA = YES;
				CLANG_WARN_CONSTANT_CONVERSION = YES;
				CLANG_WARN_DEPRECATED_OBJC_IMPLEMENTATIONS = YES;
				CLANG_WARN_DIRECT_OBJC_ISA_USAGE = YES_ERROR;
				CLANG_WARN_DOCUMENTATION_COMMENTS = YES;
				CLANG_WARN_EMPTY_BODY = YES;
				CLANG_WARN_ENUM_CONVERSION = YES;
				CLANG_WARN_INFINITE_RECURSION = YES;
				CLANG_WARN_INT_CONVERSION = YES;
				CLANG_WARN_NON_LITERAL_NULL_CONVERSION = YES;
				CLANG_WARN_OBJC_IMPLICIT_RETAIN_SELF = YES;
				CLANG_WARN_OBJC_LITERAL_CONVERSION = YES;
				CLANG_WARN_OBJC_ROOT_CLASS = YES_ERROR;
				CLANG_WARN_QUOTED_INCLUDE_IN_FRAMEWORK_HEADER = YES;
				CLANG_WARN_RANGE_LOOP_ANALYSIS = YES;
				CLANG_WARN_STRICT_PROTOTYPES = YES;
				CLANG_WARN_SUSPICIOUS_MOVE = YES;
				CLANG_WARN_UNGUARDED_AVAILABILITY = YES_AGGRESSIVE;
				CLANG_WARN_UNREACHABLE_CODE = YES;
				CLANG_WARN__DUPLICATE_METHOD_MATCH = YES;
				COPY_PHASE_STRIP = NO;
				DEBUG_INFORMATION_FORMAT = dwarf;
				ENABLE_STRICT_OBJC_MSGSEND = YES;
				ENABLE_TESTABILITY = YES;
				ENABLE_USER_SCRIPT_SANDBOXING = YES;
				GCC_C_LANGUAGE_STANDARD = gnu17;
				GCC_DYNAMIC_NO_PIC = NO;
				GCC_NO_COMMON_BLOCKS = YES;
				GCC_OPTIMIZATION_LEVEL = 0;
				GCC_PREPROCESSOR_DEFINITIONS = (
					"DEBUG=1",
					"$(inherited)",
				);
				GCC_WARN_64_TO_32_BIT_CONVERSION = YES;
				GCC_WARN_ABOUT_RETURN_TYPE = YES_ERROR;
				GCC_WARN_UNDECLARED_SELECTOR = YES;
				GCC_WARN_UNINITIALIZED_AUTOS = YES_AGGRESSIVE;
				GCC_WARN_UNUSED_FUNCTION = YES;
				GCC_WARN_UNUSED_VARIABLE = YES;
				LOCALIZATION_PREFERS_STRING_CATALOGS = YES;
				MACOSX_DEPLOYMENT_TARGET = 13.6;
				MTL_ENABLE_DEBUG_INFO = INCLUDE_SOURCE;
				MTL_FAST_MATH = YES;
				ONLY_ACTIVE_ARCH = YES;
				SDKROOT = macosx;
			};
			name = Debug;
		};
		85B044A12D42460C00B96F69 /* Release */ = {
			isa = XCBuildConfiguration;
			buildSettings = {
				ALWAYS_SEARCH_USER_PATHS = NO;
				ASSETCATALOG_COMPILER_GENERATE_SWIFT_ASSET_SYMBOL_EXTENSIONS = YES;
				CLANG_ANALYZER_NONNULL = YES;
				CLANG_ANALYZER_NUMBER_OBJECT_CONVERSION = YES_AGGRESSIVE;
				CLANG_CXX_LANGUAGE_STANDARD = "gnu++20";
				CLANG_ENABLE_MODULES = YES;
				CLANG_ENABLE_OBJC_ARC = YES;
				CLANG_ENABLE_OBJC_WEAK = YES;
				CLANG_WARN_BLOCK_CAPTURE_AUTORELEASING = YES;
				CLANG_WARN_BOOL_CONVERSION = YES;
				CLANG_WARN_COMMA = YES;
				CLANG_WARN_CONSTANT_CONVERSION = YES;
				CLANG_WARN_DEPRECATED_OBJC_IMPLEMENTATIONS = YES;
				CLANG_WARN_DIRECT_OBJC_ISA_USAGE = YES_ERROR;
				CLANG_WARN_DOCUMENTATION_COMMENTS = YES;
				CLANG_WARN_EMPTY_BODY = YES;
				CLANG_WARN_ENUM_CONVERSION = YES;
				CLANG_WARN_INFINITE_RECURSION = YES;
				CLANG_WARN_INT_CONVERSION = YES;
				CLANG_WARN_NON_LITERAL_NULL_CONVERSION = YES;
				CLANG_WARN_OBJC_IMPLICIT_RETAIN_SELF = YES;
				CLANG_WARN_OBJC_LITERAL_CONVERSION = YES;
				CLANG_WARN_OBJC_ROOT_CLASS = YES_ERROR;
				CLANG_WARN_QUOTED_INCLUDE_IN_FRAMEWORK_HEADER = YES;
				CLANG_WARN_RANGE_LOOP_ANALYSIS = YES;
				CLANG_WARN_STRICT_PROTOTYPES = YES;
				CLANG_WARN_SUSPICIOUS_MOVE = YES;
				CLANG_WARN_UNGUARDED_AVAILABILITY = YES_AGGRESSIVE;
				CLANG_WARN_UNREACHABLE_CODE = YES;
				CLANG_WARN__DUPLICATE_METHOD_MATCH = YES;
				COPY_PHASE_STRIP = NO;
				DEBUG_INFORMATION_FORMAT = "dwarf-with-dsym";
				ENABLE_NS_ASSERTIONS = NO;
				ENABLE_STRICT_OBJC_MSGSEND = YES;
				ENABLE_USER_SCRIPT_SANDBOXING = YES;
				GCC_C_LANGUAGE_STANDARD = gnu17;
				GCC_NO_COMMON_BLOCKS = YES;
				GCC_WARN_64_TO_32_BIT_CONVERSION = YES;
				GCC_WARN_ABOUT_RETURN_TYPE = YES_ERROR;
				GCC_WARN_UNDECLARED_SELECTOR = YES;
				GCC_WARN_UNINITIALIZED_AUTOS = YES_AGGRESSIVE;
				GCC_WARN_UNUSED_FUNCTION = YES;
				GCC_WARN_UNUSED_VARIABLE = YES;
				LOCALIZATION_PREFERS_STRING_CATALOGS = YES;
				MACOSX_DEPLOYMENT_TARGET = 13.6;
				MTL_ENABLE_DEBUG_INFO = NO;
				MTL_FAST_MATH = YES;
				SDKROOT = macosx;
			};
			name = Release;
		};
		85B044A32D42460C00B96F69 /* Debug */ = {
			isa = XCBuildConfiguration;
			buildSettings = {
				CODE_SIGN_STYLE = Automatic;
				PRODUCT_NAME = "$(TARGET_NAME)";
			};
			name = Debug;
		};
		85B044A42D42460C00B96F69 /* Release */ = {
			isa = XCBuildConfiguration;
			buildSettings = {
				CODE_SIGN_STYLE = Automatic;
				PRODUCT_NAME = "$(TARGET_NAME)";
			};
			name = Release;
		};
/* End XCBuildConfiguration section */

/* Begin XCConfigurationList section */
		85B044962D42460C00B96F69 /* Build configuration list for PBXProject "BlackJack" */ = {
			isa = XCConfigurationList;
			buildConfigurations = (
				85B044A02D42460C00B96F69 /* Debug */,
				85B044A12D42460C00B96F69 /* Release */,
			);
			defaultConfigurationIsVisible = 0;
			defaultConfigurationName = Release;
		};
		85B044A22D42460C00B96F69 /* Build configuration list for PBXNativeTarget "BlackJack" */ = {
			isa = XCConfigurationList;
			buildConfigurations = (
				85B044A32D42460C00B96F69 /* Debug */,
				85B044A42D42460C00B96F69 /* Release */,
			);
			defaultConfigurationIsVisible = 0;
			defaultConfigurationName = Release;
		};
/* End XCConfigurationList section */
	};
	rootObject = 85B044932D42460C00B96F69 /* Project object */;
}
